
Microsoft Visual Studio Solution File, Format Version 12.00
Project("{FAE04EC0-301F-11D3-BF4B-00C04F79EFBC}") = "VideoStore", "VideoStore\VideoStore.csproj", "{F4E00A91-BCDA-4B6D-A8A5-4BE07F2ED5DA}"
EndProject
Global
	GlobalSection(SolutionConfigurationPlatforms) = preSolution
		Debug|Any CPU = Debug|Any CPU
		Release|Any CPU = Release|Any CPU
	EndGlobalSection
	GlobalSection(ProjectConfigurationPlatforms) = postSolution
		{F4E00A91-BCDA-4B6D-A8A5-4BE07F2ED5DA}.Debug|Any CPU.ActiveCfg = Debug|Any CPU
		{F4E00A91-BCDA-4B6D-A8A5-4BE07F2ED5DA}.Debug|Any CPU.Build.0 = Debug|Any CPU
		{F4E00A91-BCDA-4B6D-A8A5-4BE07F2ED5DA}.Release|Any CPU.ActiveCfg = Release|Any CPU
		{F4E00A91-BCDA-4B6D-A8A5-4BE07F2ED5DA}.Release|Any CPU.Build.0 = Release|Any CPU
	EndGlobalSection
EndGlobal
